
Microsoft Visual Studio Solution File, Format Version 12.00
# Visual Studio Version 16
VisualStudioVersion = 16.0.31702.278
MinimumVisualStudioVersion = 10.0.40219.1
Project("{FAE04EC0-301F-11D3-BF4B-00C04F79EFBC}") = "slider.Android", "slider\slider.Android\slider.Android.csproj", "{DF6FDFB6-6F7B-4186-8ED1-68295D0A1AA1}"
EndProject
Project("{FAE04EC0-301F-11D3-BF4B-00C04F79EFBC}") = "slider.iOS", "slider\slider.iOS\slider.iOS.csproj", "{0F7166FD-0228-497B-B35C-F4293E1DA2C4}"
EndProject
Project("{FAE04EC0-301F-11D3-BF4B-00C04F79EFBC}") = "slider", "slider\slider\slider.csproj", "{2F5A7B8D-2F97-439F-AFE1-AB084341921B}"
EndProject
Global
	GlobalSection(SolutionConfigurationPlatforms) = preSolution
		Debug|Any CPU = Debug|Any CPU
		Debug|iPhone = Debug|iPhone
		Debug|iPhoneSimulator = Debug|iPhoneSimulator
		Release|Any CPU = Release|Any CPU
		Release|iPhone = Release|iPhone
		Release|iPhoneSimulator = Release|iPhoneSimulator
	EndGlobalSection
	GlobalSection(ProjectConfigurationPlatforms) = postSolution
		{DF6FDFB6-6F7B-4186-8ED1-68295D0A1AA1}.Debug|Any CPU.ActiveCfg = Debug|Any CPU
		{DF6FDFB6-6F7B-4186-8ED1-68295D0A1AA1}.Debug|Any CPU.Build.0 = Debug|Any CPU
		{DF6FDFB6-6F7B-4186-8ED1-68295D0A1AA1}.Debug|Any CPU.Deploy.0 = Debug|Any CPU
		{DF6FDFB6-6F7B-4186-8ED1-68295D0A1AA1}.Debug|iPhone.ActiveCfg = Debug|Any CPU
		{DF6FDFB6-6F7B-4186-8ED1-68295D0A1AA1}.Debug|iPhone.Build.0 = Debug|Any CPU
		{DF6FDFB6-6F7B-4186-8ED1-68295D0A1AA1}.Debug|iPhone.Deploy.0 = Debug|Any CPU
		{DF6FDFB6-6F7B-4186-8ED1-68295D0A1AA1}.Debug|iPhoneSimulator.ActiveCfg = Debug|Any CPU
		{DF6FDFB6-6F7B-4186-8ED1-68295D0A1AA1}.Debug|iPhoneSimulator.Build.0 = Debug|Any CPU
		{DF6FDFB6-6F7B-4186-8ED1-68295D0A1AA1}.Debug|iPhoneSimulator.Deploy.0 = Debug|Any CPU
		{DF6FDFB6-6F7B-4186-8ED1-68295D0A1AA1}.Release|Any CPU.ActiveCfg = Release|Any CPU
		{DF6FDFB6-6F7B-4186-8ED1-68295D0A1AA1}.Release|Any CPU.Build.0 = Release|Any CPU
		{DF6FDFB6-6F7B-4186-8ED1-68295D0A1AA1}.Release|Any CPU.Deploy.0 = Release|Any CPU
		{DF6FDFB6-6F7B-4186-8ED1-68295D0A1AA1}.Release|iPhone.ActiveCfg = Release|Any CPU
		{DF6FDFB6-6F7B-4186-8ED1-68295D0A1AA1}.Release|iPhone.Build.0 = Release|Any CPU
		{DF6FDFB6-6F7B-4186-8ED1-68295D0A1AA1}.Release|iPhone.Deploy.0 = Release|Any CPU
		{DF6FDFB6-6F7B-4186-8ED1-68295D0A1AA1}.Release|iPhoneSimulator.ActiveCfg = Release|Any CPU
		{DF6FDFB6-6F7B-4186-8ED1-68295D0A1AA1}.Release|iPhoneSimulator.Build.0 = Release|Any CPU
		{DF6FDFB6-6F7B-4186-8ED1-68295D0A1AA1}.Release|iPhoneSimulator.Deploy.0 = Release|Any CPU
		{0F7166FD-0228-497B-B35C-F4293E1DA2C4}.Debug|Any CPU.ActiveCfg = Debug|iPhone
		{0F7166FD-0228-497B-B35C-F4293E1DA2C4}.Debug|Any CPU.Build.0 = Debug|iPhone
		{0F7166FD-0228-497B-B35C-F4293E1DA2C4}.Debug|Any CPU.Deploy.0 = Debug|iPhone
		{0F7166FD-0228-497B-B35C-F4293E1DA2C4}.Debug|iPhone.ActiveCfg = Debug|iPhone
		{0F7166FD-0228-497B-B35C-F4293E1DA2C4}.Debug|iPhone.Build.0 = Debug|iPhone
		{0F7166FD-0228-497B-B35C-F4293E1DA2C4}.Debug|iPhone.Deploy.0 = Debug|iPhone
		{0F7166FD-0228-497B-B35C-F4293E1DA2C4}.Debug|iPhoneSimulator.ActiveCfg = Debug|iPhoneSimulator
		{0F7166FD-0228-497B-B35C-F4293E1DA2C4}.Debug|iPhoneSimulator.Build.0 = Debug|iPhoneSimulator
		{0F7166FD-0228-497B-B35C-F4293E1DA2C4}.Debug|iPhoneSimulator.Deploy.0 = Debug|iPhoneSimulator
		{0F7166FD-0228-497B-B35C-F4293E1DA2C4}.Release|Any CPU.ActiveCfg = Release|iPhoneSimulator
		{0F7166FD-0228-497B-B35C-F4293E1DA2C4}.Release|Any CPU.Build.0 = Release|iPhoneSimulator
		{0F7166FD-0228-497B-B35C-F4293E1DA2C4}.Release|Any CPU.Deploy.0 = Release|iPhoneSimulator
		{0F7166FD-0228-497B-B35C-F4293E1DA2C4}.Release|iPhone.ActiveCfg = Release|iPhone
		{0F7166FD-0228-497B-B35C-F4293E1DA2C4}.Release|iPhone.Build.0 = Release|iPhone
		{0F7166FD-0228-497B-B35C-F4293E1DA2C4}.Release|iPhone.Deploy.0 = Release|iPhone
		{0F7166FD-0228-497B-B35C-F4293E1DA2C4}.Release|iPhoneSimulator.ActiveCfg = Release|iPhoneSimulator
		{0F7166FD-0228-497B-B35C-F4293E1DA2C4}.Release|iPhoneSimulator.Build.0 = Release|iPhoneSimulator
		{0F7166FD-0228-497B-B35C-F4293E1DA2C4}.Release|iPhoneSimulator.Deploy.0 = Release|iPhoneSimulator
		{2F5A7B8D-2F97-439F-AFE1-AB084341921B}.Debug|Any CPU.ActiveCfg = Debug|Any CPU
		{2F5A7B8D-2F97-439F-AFE1-AB084341921B}.Debug|Any CPU.Build.0 = Debug|Any CPU
		{2F5A7B8D-2F97-439F-AFE1-AB084341921B}.Debug|Any CPU.Deploy.0 = Debug|Any CPU
		{2F5A7B8D-2F97-439F-AFE1-AB084341921B}.Debug|iPhone.ActiveCfg = Debug|Any CPU
		{2F5A7B8D-2F97-439F-AFE1-AB084341921B}.Debug|iPhone.Build.0 = Debug|Any CPU
		{2F5A7B8D-2F97-439F-AFE1-AB084341921B}.Debug|iPhone.Deploy.0 = Debug|Any CPU
		{2F5A7B8D-2F97-439F-AFE1-AB084341921B}.Debug|iPhoneSimulator.ActiveCfg = Debug|Any CPU
		{2F5A7B8D-2F97-439F-AFE1-AB084341921B}.Debug|iPhoneSimulator.Build.0 = Debug|Any CPU
		{2F5A7B8D-2F97-439F-AFE1-AB084341921B}.Debug|iPhoneSimulator.Deploy.0 = Debug|Any CPU
		{2F5A7B8D-2F97-439F-AFE1-AB084341921B}.Release|Any CPU.ActiveCfg = Release|Any CPU
		{2F5A7B8D-2F97-439F-AFE1-AB084341921B}.Release|Any CPU.Build.0 = Release|Any CPU
		{2F5A7B8D-2F97-439F-AFE1-AB084341921B}.Release|Any CPU.Deploy.0 = Release|Any CPU
		{2F5A7B8D-2F97-439F-AFE1-AB084341921B}.Release|iPhone.ActiveCfg = Release|Any CPU
		{2F5A7B8D-2F97-439F-AFE1-AB084341921B}.Release|iPhone.Build.0 = Release|Any CPU
		{2F5A7B8D-2F97-439F-AFE1-AB084341921B}.Release|iPhone.Deploy.0 = Release|Any CPU
		{2F5A7B8D-2F97-439F-AFE1-AB084341921B}.Release|iPhoneSimulator.ActiveCfg = Release|Any CPU
		{2F5A7B8D-2F97-439F-AFE1-AB084341921B}.Release|iPhoneSimulator.Build.0 = Release|Any CPU
		{2F5A7B8D-2F97-439F-AFE1-AB084341921B}.Release|iPhoneSimulator.Deploy.0 = Release|Any CPU
	EndGlobalSection
	GlobalSection(SolutionProperties) = preSolution
		HideSolutionNode = FALSE
	EndGlobalSection
	GlobalSection(ExtensibilityGlobals) = postSolution
		SolutionGuid = {5A3432F8-0EEC-45EE-A033-12478A0112E9}
	EndGlobalSection
EndGlobal
